
Microsoft Visual Studio Solution File, Format Version 12.00
# Visual Studio Version 17
VisualStudioVersion = 17.1.32104.313
MinimumVisualStudioVersion = 10.0.40219.1
Project("{9A19103F-16F7-4668-BE54-9A1E7A4F7556}") = "Municorn.WebAPI", "Municorn.WebAPI\Municorn.WebAPI.csproj", "{819A4495-8621-47AE-9FBA-29F664F67ABF}"
EndProject
Project("{2150E333-8FDC-42A3-9474-1A3956D46DE8}") = "Common", "Common", "{5EF56BAB-1904-41F5-BD7C-51CEC2E45ABB}"
	ProjectSection(SolutionItems) = preProject
		..\.gitignore = ..\.gitignore
		..\docker-compose.yml = ..\docker-compose.yml
		..\Dockerfile = ..\Dockerfile
		..\README.md = ..\README.md
		..\ТЗ.txt = ..\ТЗ.txt
	EndProjectSection
EndProject
Project("{9A19103F-16F7-4668-BE54-9A1E7A4F7556}") = "Municorn.Infrastructure", "Municorn.Infrastructure\Municorn.Infrastructure.csproj", "{2A7FB9CE-3E51-45AF-B042-2FB3924251BD}"
EndProject
Project("{9A19103F-16F7-4668-BE54-9A1E7A4F7556}") = "Municorn.DAL", "Municorn.DAL\Municorn.DAL.csproj", "{FBD67B43-96B8-49B6-90B5-20E4568DCA5C}"
EndProject
Project("{9A19103F-16F7-4668-BE54-9A1E7A4F7556}") = "Municorn.Tests", "Municorn.Tests\Municorn.Tests.csproj", "{EB176F42-4B3E-4EAA-971B-BC582D7F6CA8}"
EndProject
Global
	GlobalSection(SolutionConfigurationPlatforms) = preSolution
		Debug|Any CPU = Debug|Any CPU
		Release|Any CPU = Release|Any CPU
	EndGlobalSection
	GlobalSection(ProjectConfigurationPlatforms) = postSolution
		{819A4495-8621-47AE-9FBA-29F664F67ABF}.Debug|Any CPU.ActiveCfg = Debug|Any CPU
		{819A4495-8621-47AE-9FBA-29F664F67ABF}.Debug|Any CPU.Build.0 = Debug|Any CPU
		{819A4495-8621-47AE-9FBA-29F664F67ABF}.Release|Any CPU.ActiveCfg = Release|Any CPU
		{819A4495-8621-47AE-9FBA-29F664F67ABF}.Release|Any CPU.Build.0 = Release|Any CPU
		{2A7FB9CE-3E51-45AF-B042-2FB3924251BD}.Debug|Any CPU.ActiveCfg = Debug|Any CPU
		{2A7FB9CE-3E51-45AF-B042-2FB3924251BD}.Debug|Any CPU.Build.0 = Debug|Any CPU
		{2A7FB9CE-3E51-45AF-B042-2FB3924251BD}.Release|Any CPU.ActiveCfg = Release|Any CPU
		{2A7FB9CE-3E51-45AF-B042-2FB3924251BD}.Release|Any CPU.Build.0 = Release|Any CPU
		{FBD67B43-96B8-49B6-90B5-20E4568DCA5C}.Debug|Any CPU.ActiveCfg = Debug|Any CPU
		{FBD67B43-96B8-49B6-90B5-20E4568DCA5C}.Debug|Any CPU.Build.0 = Debug|Any CPU
		{FBD67B43-96B8-49B6-90B5-20E4568DCA5C}.Release|Any CPU.ActiveCfg = Release|Any CPU
		{FBD67B43-96B8-49B6-90B5-20E4568DCA5C}.Release|Any CPU.Build.0 = Release|Any CPU
		{EB176F42-4B3E-4EAA-971B-BC582D7F6CA8}.Debug|Any CPU.ActiveCfg = Debug|Any CPU
		{EB176F42-4B3E-4EAA-971B-BC582D7F6CA8}.Debug|Any CPU.Build.0 = Debug|Any CPU
		{EB176F42-4B3E-4EAA-971B-BC582D7F6CA8}.Release|Any CPU.ActiveCfg = Release|Any CPU
		{EB176F42-4B3E-4EAA-971B-BC582D7F6CA8}.Release|Any CPU.Build.0 = Release|Any CPU
	EndGlobalSection
	GlobalSection(SolutionProperties) = preSolution
		HideSolutionNode = FALSE
	EndGlobalSection
	GlobalSection(ExtensibilityGlobals) = postSolution
		SolutionGuid = {83D4192B-EEFB-4DB5-8575-04E8CBCD8150}
	EndGlobalSection
EndGlobal
